
Microsoft Visual Studio Solution File, Format Version 12.00
# Visual Studio Version 17
VisualStudioVersion = 17.3.32929.385
MinimumVisualStudioVersion = 10.0.40219.1
Project("{888888A0-9F3D-457C-B088-3A5042F75D52}") = "Project", "Project.pyproj", "{C5F09F09-F5CA-4C82-8DC7-7AEC71DA3062}"
EndProject
Global
	GlobalSection(SolutionConfigurationPlatforms) = preSolution
		Debug|Any CPU = Debug|Any CPU
		Release|Any CPU = Release|Any CPU
	EndGlobalSection
	GlobalSection(ProjectConfigurationPlatforms) = postSolution
		{C5F09F09-F5CA-4C82-8DC7-7AEC71DA3062}.Debug|Any CPU.ActiveCfg = Debug|Any CPU
		{C5F09F09-F5CA-4C82-8DC7-7AEC71DA3062}.Release|Any CPU.ActiveCfg = Release|Any CPU
	EndGlobalSection
	GlobalSection(SolutionProperties) = preSolution
		HideSolutionNode = FALSE
	EndGlobalSection
	GlobalSection(ExtensibilityGlobals) = postSolution
		SolutionGuid = {E76A0B6D-FC79-43F3-AE00-978BC8853EE7}
	EndGlobalSection
EndGlobal
