
Microsoft Visual Studio Solution File, Format Version 12.00
# Visual Studio Version 17
VisualStudioVersion = 17.3.32929.385
MinimumVisualStudioVersion = 10.0.40219.1
Project("{888888A0-9F3D-457C-B088-3A5042F75D52}") = "Python_lab6", "Python_lab6\Python_lab6.pyproj", "{80B2B12C-A63E-44AB-88F8-18452C58F190}"
EndProject
Global
	GlobalSection(SolutionConfigurationPlatforms) = preSolution
		Debug|Any CPU = Debug|Any CPU
		Release|Any CPU = Release|Any CPU
	EndGlobalSection
	GlobalSection(ProjectConfigurationPlatforms) = postSolution
		{80B2B12C-A63E-44AB-88F8-18452C58F190}.Debug|Any CPU.ActiveCfg = Debug|Any CPU
		{80B2B12C-A63E-44AB-88F8-18452C58F190}.Release|Any CPU.ActiveCfg = Release|Any CPU
	EndGlobalSection
	GlobalSection(SolutionProperties) = preSolution
		HideSolutionNode = FALSE
	EndGlobalSection
	GlobalSection(ExtensibilityGlobals) = postSolution
		SolutionGuid = {301AFADA-FA37-4090-9C13-53646E9061FF}
	EndGlobalSection
EndGlobal
